// !$*UTF8*$!
{
	archiveVersion = 1;
	classes = {
	};
	objectVersion = 46;
	objects = {

/* Begin PBXBuildFile section */
		84563D6A2079EF8400A4A77D /* main.m in Sources */ = {isa = PBXBuildFile; fileRef = 84563D692079EF8400A4A77D /* main.m */; };
		84563D6D2079EF8400A4A77D /* AppDelegate.m in Sources */ = {isa = PBXBuildFile; fileRef = 84563D6C2079EF8400A4A77D /* AppDelegate.m */; };
		84563D732079EF8400A4A77D /* Main.storyboard in Resources */ = {isa = PBXBuildFile; fileRef = 84563D712079EF8400A4A77D /* Main.storyboard */; };
		84563D752079EF8400A4A77D /* Assets.xcassets in Resources */ = {isa = PBXBuildFile; fileRef = 84563D742079EF8400A4A77D /* Assets.xcassets */; };
		84563D782079EF8400A4A77D /* LaunchScreen.storyboard in Resources */ = {isa = PBXBuildFile; fileRef = 84563D762079EF8400A4A77D /* LaunchScreen.storyboard */; };
		84563D832079EF8400A4A77D /* DYWeChatMomentsTests.m in Sources */ = {isa = PBXBuildFile; fileRef = 84563D822079EF8400A4A77D /* DYWeChatMomentsTests.m */; };
		84563D8E2079EF8400A4A77D /* DYWeChatMomentsUITests.m in Sources */ = {isa = PBXBuildFile; fileRef = 84563D8D2079EF8400A4A77D /* DYWeChatMomentsUITests.m */; };
		84563DAC207A0F6400A4A77D /* DYMainViewController.m in Sources */ = {isa = PBXBuildFile; fileRef = 84563DAB207A0F6400A4A77D /* DYMainViewController.m */; };
/* End PBXBuildFile section */

/* Begin PBXContainerItemProxy section */
		84563D7F2079EF8400A4A77D /* PBXContainerItemProxy */ = {
			isa = PBXContainerItemProxy;
			containerPortal = 84563D5D2079EF8400A4A77D /* Project object */;
			proxyType = 1;
			remoteGlobalIDString = 84563D642079EF8400A4A77D;
			remoteInfo = DYWeChatMoments;
		};
		84563D8A2079EF8400A4A77D /* PBXContainerItemProxy */ = {
			isa = PBXContainerItemProxy;
			containerPortal = 84563D5D2079EF8400A4A77D /* Project object */;
			proxyType = 1;
			remoteGlobalIDString = 84563D642079EF8400A4A77D;
			remoteInfo = DYWeChatMoments;
		};
/* End PBXContainerItemProxy section */

/* Begin PBXFileReference section */
		84563D652079EF8400A4A77D /* DYWeChatMoments.app */ = {isa = PBXFileReference; explicitFileType = wrapper.application; includeInIndex = 0; path = DYWeChatMoments.app; sourceTree = BUILT_PRODUCTS_DIR; };
		84563D692079EF8400A4A77D /* main.m */ = {isa = PBXFileReference; lastKnownFileType = sourcecode.c.objc; path = main.m; sourceTree = "<group>"; };
		84563D6B2079EF8400A4A77D /* AppDelegate.h */ = {isa = PBXFileReference; lastKnownFileType = sourcecode.c.h; path = AppDelegate.h; sourceTree = "<group>"; };
		84563D6C2079EF8400A4A77D /* AppDelegate.m */ = {isa = PBXFileReference; lastKnownFileType = sourcecode.c.objc; path = AppDelegate.m; sourceTree = "<group>"; };
		84563D722079EF8400A4A77D /* Base */ = {isa = PBXFileReference; lastKnownFileType = file.storyboard; name = Base; path = Base.lproj/Main.storyboard; sourceTree = "<group>"; };
		84563D742079EF8400A4A77D /* Assets.xcassets */ = {isa = PBXFileReference; lastKnownFileType = folder.assetcatalog; path = Assets.xcassets; sourceTree = "<group>"; };
		84563D772079EF8400A4A77D /* Base */ = {isa = PBXFileReference; lastKnownFileType = file.storyboard; name = Base; path = Base.lproj/LaunchScreen.storyboard; sourceTree = "<group>"; };
		84563D792079EF8400A4A77D /* Info.plist */ = {isa = PBXFileReference; lastKnownFileType = text.plist.xml; path = Info.plist; sourceTree = "<group>"; };
		84563D7E2079EF8400A4A77D /* DYWeChatMomentsTests.xctest */ = {isa = PBXFileReference; explicitFileType = wrapper.cfbundle; includeInIndex = 0; path = DYWeChatMomentsTests.xctest; sourceTree = BUILT_PRODUCTS_DIR; };
		84563D822079EF8400A4A77D /* DYWeChatMomentsTests.m */ = {isa = PBXFileReference; lastKnownFileType = sourcecode.c.objc; path = DYWeChatMomentsTests.m; sourceTree = "<group>"; };
		84563D842079EF8400A4A77D /* Info.plist */ = {isa = PBXFileReference; lastKnownFileType = text.plist.xml; path = Info.plist; sourceTree = "<group>"; };
		84563D892079EF8400A4A77D /* DYWeChatMomentsUITests.xctest */ = {isa = PBXFileReference; explicitFileType = wrapper.cfbundle; includeInIndex = 0; path = DYWeChatMomentsUITests.xctest; sourceTree = BUILT_PRODUCTS_DIR; };
		84563D8D2079EF8400A4A77D /* DYWeChatMomentsUITests.m */ = {isa = PBXFileReference; lastKnownFileType = sourcecode.c.objc; path = DYWeChatMomentsUITests.m; sourceTree = "<group>"; };
		84563D8F2079EF8400A4A77D /* Info.plist */ = {isa = PBXFileReference; lastKnownFileType = text.plist.xml; path = Info.plist; sourceTree = "<group>"; };
		84563DAA207A0F6400A4A77D /* DYMainViewController.h */ = {isa = PBXFileReference; fileEncoding = 4; lastKnownFileType = sourcecode.c.h; path = DYMainViewController.h; sourceTree = "<group>"; };
		84563DAB207A0F6400A4A77D /* DYMainViewController.m */ = {isa = PBXFileReference; fileEncoding = 4; lastKnownFileType = sourcecode.c.objc; path = DYMainViewController.m; sourceTree = "<group>"; };
/* End PBXFileReference section */

/* Begin PBXFrameworksBuildPhase section */
		84563D622079EF8400A4A77D /* Frameworks */ = {
			isa = PBXFrameworksBuildPhase;
			buildActionMask = 2147483647;
			files = (
			);
			runOnlyForDeploymentPostprocessing = 0;
		};
		84563D7B2079EF8400A4A77D /* Frameworks */ = {
			isa = PBXFrameworksBuildPhase;
			buildActionMask = 2147483647;
			files = (
			);
			runOnlyForDeploymentPostprocessing = 0;
		};
		84563D862079EF8400A4A77D /* Frameworks */ = {
			isa = PBXFrameworksBuildPhase;
			buildActionMask = 2147483647;
			files = (
			);
			runOnlyForDeploymentPostprocessing = 0;
		};
/* End PBXFrameworksBuildPhase section */

/* Begin PBXGroup section */
		84563D5C2079EF8400A4A77D = {
			isa = PBXGroup;
			children = (
				84563D672079EF8400A4A77D /* DYWeChatMoments */,
				84563D812079EF8400A4A77D /* DYWeChatMomentsTests */,
				84563D8C2079EF8400A4A77D /* DYWeChatMomentsUITests */,
				84563D662079EF8400A4A77D /* Products */,
			);
			sourceTree = "<group>";
		};
		84563D662079EF8400A4A77D /* Products */ = {
			isa = PBXGroup;
			children = (
				84563D652079EF8400A4A77D /* DYWeChatMoments.app */,
				84563D7E2079EF8400A4A77D /* DYWeChatMomentsTests.xctest */,
				84563D892079EF8400A4A77D /* DYWeChatMomentsUITests.xctest */,
			);
			name = Products;
			sourceTree = "<group>";
		};
		84563D672079EF8400A4A77D /* DYWeChatMoments */ = {
			isa = PBXGroup;
			children = (
				84563D6B2079EF8400A4A77D /* AppDelegate.h */,
				84563D6C2079EF8400A4A77D /* AppDelegate.m */,
				84563DAA207A0F6400A4A77D /* DYMainViewController.h */,
				84563DAB207A0F6400A4A77D /* DYMainViewController.m */,
				84563D712079EF8400A4A77D /* Main.storyboard */,
				84563D742079EF8400A4A77D /* Assets.xcassets */,
				84563D762079EF8400A4A77D /* LaunchScreen.storyboard */,
				84563D792079EF8400A4A77D /* Info.plist */,
				84563D682079EF8400A4A77D /* Supporting Files */,
			);
			path = DYWeChatMoments;
			sourceTree = "<group>";
		};
		84563D682079EF8400A4A77D /* Supporting Files */ = {
			isa = PBXGroup;
			children = (
				84563D692079EF8400A4A77D /* main.m */,
			);
			name = "Supporting Files";
			sourceTree = "<group>";
		};
		84563D812079EF8400A4A77D /* DYWeChatMomentsTests */ = {
			isa = PBXGroup;
			children = (
				84563D822079EF8400A4A77D /* DYWeChatMomentsTests.m */,
				84563D842079EF8400A4A77D /* Info.plist */,
			);
			path = DYWeChatMomentsTests;
			sourceTree = "<group>";
		};
		84563D8C2079EF8400A4A77D /* DYWeChatMomentsUITests */ = {
			isa = PBXGroup;
			children = (
				84563D8D2079EF8400A4A77D /* DYWeChatMomentsUITests.m */,
				84563D8F2079EF8400A4A77D /* Info.plist */,
			);
			path = DYWeChatMomentsUITests;
			sourceTree = "<group>";
		};
/* End PBXGroup section */

/* Begin PBXNativeTarget section */
		84563D642079EF8400A4A77D /* DYWeChatMoments */ = {
			isa = PBXNativeTarget;
			buildConfigurationList = 84563D922079EF8400A4A77D /* Build configuration list for PBXNativeTarget "DYWeChatMoments" */;
			buildPhases = (
				84563D612079EF8400A4A77D /* Sources */,
				84563D622079EF8400A4A77D /* Frameworks */,
				84563D632079EF8400A4A77D /* Resources */,
			);
			buildRules = (
			);
			dependencies = (
			);
			name = DYWeChatMoments;
			productName = DYWeChatMoments;
			productReference = 84563D652079EF8400A4A77D /* DYWeChatMoments.app */;
			productType = "com.apple.product-type.application";
		};
		84563D7D2079EF8400A4A77D /* DYWeChatMomentsTests */ = {
			isa = PBXNativeTarget;
			buildConfigurationList = 84563D952079EF8400A4A77D /* Build configuration list for PBXNativeTarget "DYWeChatMomentsTests" */;
			buildPhases = (
				84563D7A2079EF8400A4A77D /* Sources */,
				84563D7B2079EF8400A4A77D /* Frameworks */,
				84563D7C2079EF8400A4A77D /* Resources */,
			);
			buildRules = (
			);
			dependencies = (
				84563D802079EF8400A4A77D /* PBXTargetDependency */,
			);
			name = DYWeChatMomentsTests;
			productName = DYWeChatMomentsTests;
			productReference = 84563D7E2079EF8400A4A77D /* DYWeChatMomentsTests.xctest */;
			productType = "com.apple.product-type.bundle.unit-test";
		};
		84563D882079EF8400A4A77D /* DYWeChatMomentsUITests */ = {
			isa = PBXNativeTarget;
			buildConfigurationList = 84563D982079EF8400A4A77D /* Build configuration list for PBXNativeTarget "DYWeChatMomentsUITests" */;
			buildPhases = (
				84563D852079EF8400A4A77D /* Sources */,
				84563D862079EF8400A4A77D /* Frameworks */,
				84563D872079EF8400A4A77D /* Resources */,
			);
			buildRules = (
			);
			dependencies = (
				84563D8B2079EF8400A4A77D /* PBXTargetDependency */,
			);
			name = DYWeChatMomentsUITests;
			productName = DYWeChatMomentsUITests;
			productReference = 84563D892079EF8400A4A77D /* DYWeChatMomentsUITests.xctest */;
			productType = "com.apple.product-type.bundle.ui-testing";
		};
/* End PBXNativeTarget section */

/* Begin PBXProject section */
		84563D5D2079EF8400A4A77D /* Project object */ = {
			isa = PBXProject;
			attributes = {
				LastUpgradeCheck = 0830;
				ORGANIZATIONNAME = YDY;
				TargetAttributes = {
					84563D642079EF8400A4A77D = {
						CreatedOnToolsVersion = 8.3.3;
						DevelopmentTeam = M92V2T43TR;
						ProvisioningStyle = Automatic;
					};
					84563D7D2079EF8400A4A77D = {
						CreatedOnToolsVersion = 8.3.3;
						DevelopmentTeam = M92V2T43TR;
						ProvisioningStyle = Automatic;
						TestTargetID = 84563D642079EF8400A4A77D;
					};
					84563D882079EF8400A4A77D = {
						CreatedOnToolsVersion = 8.3.3;
						DevelopmentTeam = M92V2T43TR;
						ProvisioningStyle = Automatic;
						TestTargetID = 84563D642079EF8400A4A77D;
					};
				};
			};
			buildConfigurationList = 84563D602079EF8400A4A77D /* Build configuration list for PBXProject "DYWeChatMoments" */;
			compatibilityVersion = "Xcode 3.2";
			developmentRegion = English;
			hasScannedForEncodings = 0;
			knownRegions = (
				en,
				Base,
			);
			mainGroup = 84563D5C2079EF8400A4A77D;
			productRefGroup = 84563D662079EF8400A4A77D /* Products */;
			projectDirPath = "";
			projectRoot = "";
			targets = (
				84563D642079EF8400A4A77D /* DYWeChatMoments */,
				84563D7D2079EF8400A4A77D /* DYWeChatMomentsTests */,
				84563D882079EF8400A4A77D /* DYWeChatMomentsUITests */,
			);
		};
/* End PBXProject section */

/* Begin PBXResourcesBuildPhase section */
		84563D632079EF8400A4A77D /* Resources */ = {
			isa = PBXResourcesBuildPhase;
			buildActionMask = 2147483647;
			files = (
				84563D782079EF8400A4A77D /* LaunchScreen.storyboard in Resources */,
				84563D752079EF8400A4A77D /* Assets.xcassets in Resources */,
				84563D732079EF8400A4A77D /* Main.storyboard in Resources */,
			);
			runOnlyForDeploymentPostprocessing = 0;
		};
		84563D7C2079EF8400A4A77D /* Resources */ = {
			isa = PBXResourcesBuildPhase;
			buildActionMask = 2147483647;
			files = (
			);
			runOnlyForDeploymentPostprocessing = 0;
		};
		84563D872079EF8400A4A77D /* Resources */ = {
			isa = PBXResourcesBuildPhase;
			buildActionMask = 2147483647;
			files = (
			);
			runOnlyForDeploymentPostprocessing = 0;
		};
/* End PBXResourcesBuildPhase section */

/* Begin PBXSourcesBuildPhase section */
		84563D612079EF8400A4A77D /* Sources */ = {
			isa = PBXSourcesBuildPhase;
			buildActionMask = 2147483647;
			files = (
				84563DAC207A0F6400A4A77D /* DYMainViewController.m in Sources */,
				84563D6D2079EF8400A4A77D /* AppDelegate.m in Sources */,
				84563D6A2079EF8400A4A77D /* main.m in Sources */,
			);
			runOnlyForDeploymentPostprocessing = 0;
		};
		84563D7A2079EF8400A4A77D /* Sources */ = {
			isa = PBXSourcesBuildPhase;
			buildActionMask = 2147483647;
			files = (
				84563D832079EF8400A4A77D /* DYWeChatMomentsTests.m in Sources */,
			);
			runOnlyForDeploymentPostprocessing = 0;
		};
		84563D852079EF8400A4A77D /* Sources */ = {
			isa = PBXSourcesBuildPhase;
			buildActionMask = 2147483647;
			files = (
				84563D8E2079EF8400A4A77D /* DYWeChatMomentsUITests.m in Sources */,
			);
			runOnlyForDeploymentPostprocessing = 0;
		};
/* End PBXSourcesBuildPhase section */

/* Begin PBXTargetDependency section */
		84563D802079EF8400A4A77D /* PBXTargetDependency */ = {
			isa = PBXTargetDependency;
			target = 84563D642079EF8400A4A77D /* DYWeChatMoments */;
			targetProxy = 84563D7F2079EF8400A4A77D /* PBXContainerItemProxy */;
		};
		84563D8B2079EF8400A4A77D /* PBXTargetDependency */ = {
			isa = PBXTargetDependency;
			target = 84563D642079EF8400A4A77D /* DYWeChatMoments */;
			targetProxy = 84563D8A2079EF8400A4A77D /* PBXContainerItemProxy */;
		};
/* End PBXTargetDependency section */

/* Begin PBXVariantGroup section */
		84563D712079EF8400A4A77D /* Main.storyboard */ = {
			isa = PBXVariantGroup;
			children = (
				84563D722079EF8400A4A77D /* Base */,
			);
			name = Main.storyboard;
			sourceTree = "<group>";
		};
		84563D762079EF8400A4A77D /* LaunchScreen.storyboard */ = {
			isa = PBXVariantGroup;
			children = (
				84563D772079EF8400A4A77D /* Base */,
			);
			name = LaunchScreen.storyboard;
			sourceTree = "<group>";
		};
/* End PBXVariantGroup section */

/* Begin XCBuildConfiguration section */
		84563D902079EF8400A4A77D /* Debug */ = {
			isa = XCBuildConfiguration;
			buildSettings = {
				ALWAYS_SEARCH_USER_PATHS = NO;
				CLANG_ANALYZER_NONNULL = YES;
				CLANG_ANALYZER_NUMBER_OBJECT_CONVERSION = YES_AGGRESSIVE;
				CLANG_CXX_LANGUAGE_STANDARD = "gnu++0x";
				CLANG_CXX_LIBRARY = "libc++";
				CLANG_ENABLE_MODULES = YES;
				CLANG_ENABLE_OBJC_ARC = YES;
				CLANG_WARN_BOOL_CONVERSION = YES;
				CLANG_WARN_CONSTANT_CONVERSION = YES;
				CLANG_WARN_DIRECT_OBJC_ISA_USAGE = YES_ERROR;
				CLANG_WARN_DOCUMENTATION_COMMENTS = YES;
				CLANG_WARN_EMPTY_BODY = YES;
				CLANG_WARN_ENUM_CONVERSION = YES;
				CLANG_WARN_INFINITE_RECURSION = YES;
				CLANG_WARN_INT_CONVERSION = YES;
				CLANG_WARN_OBJC_ROOT_CLASS = YES_ERROR;
				CLANG_WARN_SUSPICIOUS_MOVE = YES;
				CLANG_WARN_UNREACHABLE_CODE = YES;
				CLANG_WARN__DUPLICATE_METHOD_MATCH = YES;
				"CODE_SIGN_IDENTITY[sdk=iphoneos*]" = "iPhone Developer";
				COPY_PHASE_STRIP = NO;
				DEBUG_INFORMATION_FORMAT = dwarf;
				ENABLE_STRICT_OBJC_MSGSEND = YES;
				ENABLE_TESTABILITY = YES;
				GCC_C_LANGUAGE_STANDARD = gnu99;
				GCC_DYNAMIC_NO_PIC = NO;
				GCC_NO_COMMON_BLOCKS = YES;
				GCC_OPTIMIZATION_LEVEL = 0;
				GCC_PREPROCESSOR_DEFINITIONS = (
					"DEBUG=1",
					"$(inherited)",
				);
				GCC_WARN_64_TO_32_BIT_CONVERSION = YES;
				GCC_WARN_ABOUT_RETURN_TYPE = YES_ERROR;
				GCC_WARN_UNDECLARED_SELECTOR = YES;
				GCC_WARN_UNINITIALIZED_AUTOS = YES_AGGRESSIVE;
				GCC_WARN_UNUSED_FUNCTION = YES;
				GCC_WARN_UNUSED_VARIABLE = YES;
				IPHONEOS_DEPLOYMENT_TARGET = 10.3;
				MTL_ENABLE_DEBUG_INFO = YES;
				ONLY_ACTIVE_ARCH = YES;
				SDKROOT = iphoneos;
			};
			name = Debug;
		};
		84563D912079EF8400A4A77D /* Release */ = {
			isa = XCBuildConfiguration;
			buildSettings = {
				ALWAYS_SEARCH_USER_PATHS = NO;
				CLANG_ANALYZER_NONNULL = YES;
				CLANG_ANALYZER_NUMBER_OBJECT_CONVERSION = YES_AGGRESSIVE;
				CLANG_CXX_LANGUAGE_STANDARD = "gnu++0x";
				CLANG_CXX_LIBRARY = "libc++";
				CLANG_ENABLE_MODULES = YES;
				CLANG_ENABLE_OBJC_ARC = YES;
				CLANG_WARN_BOOL_CONVERSION = YES;
				CLANG_WARN_CONSTANT_CONVERSION = YES;
				CLANG_WARN_DIRECT_OBJC_ISA_USAGE = YES_ERROR;
				CLANG_WARN_DOCUMENTATION_COMMENTS = YES;
				CLANG_WARN_EMPTY_BODY = YES;
				CLANG_WARN_ENUM_CONVERSION = YES;
				CLANG_WARN_INFINITE_RECURSION = YES;
				CLANG_WARN_INT_CONVERSION = YES;
				CLANG_WARN_OBJC_ROOT_CLASS = YES_ERROR;
				CLANG_WARN_SUSPICIOUS_MOVE = YES;
				CLANG_WARN_UNREACHABLE_CODE = YES;
				CLANG_WARN__DUPLICATE_METHOD_MATCH = YES;
				"CODE_SIGN_IDENTITY[sdk=iphoneos*]" = "iPhone Developer";
				COPY_PHASE_STRIP = NO;
				DEBUG_INFORMATION_FORMAT = "dwarf-with-dsym";
				ENABLE_NS_ASSERTIONS = NO;
				ENABLE_STRICT_OBJC_MSGSEND = YES;
				GCC_C_LANGUAGE_STANDARD = gnu99;
				GCC_NO_COMMON_BLOCKS = YES;
				GCC_WARN_64_TO_32_BIT_CONVERSION = YES;
				GCC_WARN_ABOUT_RETURN_TYPE = YES_ERROR;
				GCC_WARN_UNDECLARED_SELECTOR = YES;
				GCC_WARN_UNINITIALIZED_AUTOS = YES_AGGRESSIVE;
				GCC_WARN_UNUSED_FUNCTION = YES;
				GCC_WARN_UNUSED_VARIABLE = YES;
				IPHONEOS_DEPLOYMENT_TARGET = 10.3;
				MTL_ENABLE_DEBUG_INFO = NO;
				SDKROOT = iphoneos;
				VALIDATE_PRODUCT = YES;
			};
			name = Release;
		};
		84563D932079EF8400A4A77D /* Debug */ = {
			isa = XCBuildConfiguration;
			buildSettings = {
				ASSETCATALOG_COMPILER_APPICON_NAME = AppIcon;
				DEVELOPMENT_TEAM = M92V2T43TR;
				INFOPLIST_FILE = DYWeChatMoments/Info.plist;
				LD_RUNPATH_SEARCH_PATHS = "$(inherited) @executable_path/Frameworks";
				PRODUCT_BUNDLE_IDENTIFIER = com.baihe.DYWeChatMoments;
				PRODUCT_NAME = "$(TARGET_NAME)";
			};
			name = Debug;
		};
		84563D942079EF8400A4A77D /* Release */ = {
			isa = XCBuildConfiguration;
			buildSettings = {
				ASSETCATALOG_COMPILER_APPICON_NAME = AppIcon;
				DEVELOPMENT_TEAM = M92V2T43TR;
				INFOPLIST_FILE = DYWeChatMoments/Info.plist;
				LD_RUNPATH_SEARCH_PATHS = "$(inherited) @executable_path/Frameworks";
				PRODUCT_BUNDLE_IDENTIFIER = com.baihe.DYWeChatMoments;
				PRODUCT_NAME = "$(TARGET_NAME)";
			};
			name = Release;
		};
		84563D962079EF8400A4A77D /* Debug */ = {
			isa = XCBuildConfiguration;
			buildSettings = {
				BUNDLE_LOADER = "$(TEST_HOST)";
				DEVELOPMENT_TEAM = M92V2T43TR;
				INFOPLIST_FILE = DYWeChatMomentsTests/Info.plist;
				LD_RUNPATH_SEARCH_PATHS = "$(inherited) @executable_path/Frameworks @loader_path/Frameworks";
				PRODUCT_BUNDLE_IDENTIFIER = com.baihe.DYWeChatMomentsTests;
				PRODUCT_NAME = "$(TARGET_NAME)";
				TEST_HOST = "$(BUILT_PRODUCTS_DIR)/DYWeChatMoments.app/DYWeChatMoments";
			};
			name = Debug;
		};
		84563D972079EF8400A4A77D /* Release */ = {
			isa = XCBuildConfiguration;
			buildSettings = {
				BUNDLE_LOADER = "$(TEST_HOST)";
				DEVELOPMENT_TEAM = M92V2T43TR;
				INFOPLIST_FILE = DYWeChatMomentsTests/Info.plist;
				LD_RUNPATH_SEARCH_PATHS = "$(inherited) @executable_path/Frameworks @loader_path/Frameworks";
				PRODUCT_BUNDLE_IDENTIFIER = com.baihe.DYWeChatMomentsTests;
				PRODUCT_NAME = "$(TARGET_NAME)";
				TEST_HOST = "$(BUILT_PRODUCTS_DIR)/DYWeChatMoments.app/DYWeChatMoments";
			};
			name = Release;
		};
		84563D992079EF8400A4A77D /* Debug */ = {
			isa = XCBuildConfiguration;
			buildSettings = {
				DEVELOPMENT_TEAM = M92V2T43TR;
				INFOPLIST_FILE = DYWeChatMomentsUITests/Info.plist;
				LD_RUNPATH_SEARCH_PATHS = "$(inherited) @executable_path/Frameworks @loader_path/Frameworks";
				PRODUCT_BUNDLE_IDENTIFIER = com.baihe.DYWeChatMomentsUITests;
				PRODUCT_NAME = "$(TARGET_NAME)";
				TEST_TARGET_NAME = DYWeChatMoments;
			};
			name = Debug;
		};
		84563D9A2079EF8400A4A77D /* Release */ = {
			isa = XCBuildConfiguration;
			buildSettings = {
				DEVELOPMENT_TEAM = M92V2T43TR;
				INFOPLIST_FILE = DYWeChatMomentsUITests/Info.plist;
				LD_RUNPATH_SEARCH_PATHS = "$(inherited) @executable_path/Frameworks @loader_path/Frameworks";
				PRODUCT_BUNDLE_IDENTIFIER = com.baihe.DYWeChatMomentsUITests;
				PRODUCT_NAME = "$(TARGET_NAME)";
				TEST_TARGET_NAME = DYWeChatMoments;
			};
			name = Release;
		};
/* End XCBuildConfiguration section */

/* Begin XCConfigurationList section */
		84563D602079EF8400A4A77D /* Build configuration list for PBXProject "DYWeChatMoments" */ = {
			isa = XCConfigurationList;
			buildConfigurations = (
				84563D902079EF8400A4A77D /* Debug */,
				84563D912079EF8400A4A77D /* Release */,
			);
			defaultConfigurationIsVisible = 0;
			defaultConfigurationName = Release;
		};
		84563D922079EF8400A4A77D /* Build configuration list for PBXNativeTarget "DYWeChatMoments" */ = {
			isa = XCConfigurationList;
			buildConfigurations = (
				84563D932079EF8400A4A77D /* Debug */,
				84563D942079EF8400A4A77D /* Release */,
			);
			defaultConfigurationIsVisible = 0;
			defaultConfigurationName = Release;
		};
		84563D952079EF8400A4A77D /* Build configuration list for PBXNativeTarget "DYWeChatMomentsTests" */ = {
			isa = XCConfigurationList;
			buildConfigurations = (
				84563D962079EF8400A4A77D /* Debug */,
				84563D972079EF8400A4A77D /* Release */,
			);
			defaultConfigurationIsVisible = 0;
			defaultConfigurationName = Release;
		};
		84563D982079EF8400A4A77D /* Build configuration list for PBXNativeTarget "DYWeChatMomentsUITests" */ = {
			isa = XCConfigurationList;
			buildConfigurations = (
				84563D992079EF8400A4A77D /* Debug */,
				84563D9A2079EF8400A4A77D /* Release */,
			);
			defaultConfigurationIsVisible = 0;
			defaultConfigurationName = Release;
		};
/* End XCConfigurationList section */
	};
	rootObject = 84563D5D2079EF8400A4A77D /* Project object */;
}
